[{<<"lfe">>,
  {git,"http://github.com/rvirding/lfe",
       {ref,"d383c04a6a67a70407d95ce87c890887e1901962"}},
  0},
 {<<"logjam">>,
  {git,"https://github.com/lfex/logjam",
       {ref,"8da8330db679ae138a562c048657c14113e811cb"}},
  0},
 {<<"vernemq_dev">>,
  {git,"git://github.com/vernemq/vernemq_dev.git",
       {ref,"6d622aa8c901ae7777433aef2bd049e380c474a6"}},
  0}].
