[{<<"lfe">>,
  {git,"https://github.com/lfe/lfe",
       {ref,"0d8c108c93dc1998769d194c058bba06e109bf36"}},
  0},
 {<<"logjam">>,
  {git,"https://github.com/lfex/logjam",
       {ref,"b5afb6157b686f40790cffc2e17a3601e29b82c3"}},
  0},
 {<<"vernemq_dev">>,
  {git,"https://github.com/vernemq/vernemq_dev.git",
       {ref,"cc8d225cfe9c7f32ff4007b5d49ce6637f3a1be2"}},
  0}].
