[{<<"lfe">>,
  {git,"http://github.com/rvirding/lfe",
       {ref,"f39ec6a9b93f09e1a49ee84405d1e03e04adc7cf"}},
  0},
 {<<"logjam">>,
  {git,"https://github.com/lfex/logjam",
       {ref,"3ee25136d6f1ce8550d34d000ed760d7ec260370"}},
  0},
 {<<"vernemq_dev">>,
  {git,"git://github.com/vernemq/vernemq_dev.git",
       {ref,"6d622aa8c901ae7777433aef2bd049e380c474a6"}},
  0}].
